
Microsoft Visual Studio Solution File, Format Version 12.00
# Visual Studio Version 17
VisualStudioVersion = 17.0.32126.317
MinimumVisualStudioVersion = 10.0.40219.1
Project("{9A19103F-16F7-4668-BE54-9A1E7A4F7556}") = "SciChartBlazor", "SciChartBlazor\SciChartBlazor.csproj", "{0C354E12-3D1D-4A73-8EA7-339B697A2612}"
EndProject
Project("{9A19103F-16F7-4668-BE54-9A1E7A4F7556}") = "SciChartBlazor.Demos", "SciChartBlazor.Demos\SciChartBlazor.Demos.csproj", "{2B9AF460-E540-45BF-9029-87E94881B964}"
EndProject
Global
	GlobalSection(SolutionConfigurationPlatforms) = preSolution
		Debug|Any CPU = Debug|Any CPU
		Release|Any CPU = Release|Any CPU
	EndGlobalSection
	GlobalSection(ProjectConfigurationPlatforms) = postSolution
		{0C354E12-3D1D-4A73-8EA7-339B697A2612}.Debug|Any CPU.ActiveCfg = Debug|Any CPU
		{0C354E12-3D1D-4A73-8EA7-339B697A2612}.Debug|Any CPU.Build.0 = Debug|Any CPU
		{0C354E12-3D1D-4A73-8EA7-339B697A2612}.Release|Any CPU.ActiveCfg = Release|Any CPU
		{0C354E12-3D1D-4A73-8EA7-339B697A2612}.Release|Any CPU.Build.0 = Release|Any CPU
		{2B9AF460-E540-45BF-9029-87E94881B964}.Debug|Any CPU.ActiveCfg = Debug|Any CPU
		{2B9AF460-E540-45BF-9029-87E94881B964}.Debug|Any CPU.Build.0 = Debug|Any CPU
		{2B9AF460-E540-45BF-9029-87E94881B964}.Release|Any CPU.ActiveCfg = Release|Any CPU
		{2B9AF460-E540-45BF-9029-87E94881B964}.Release|Any CPU.Build.0 = Release|Any CPU
	EndGlobalSection
	GlobalSection(SolutionProperties) = preSolution
		HideSolutionNode = FALSE
	EndGlobalSection
	GlobalSection(ExtensibilityGlobals) = postSolution
		SolutionGuid = {2CA54E99-BED1-4AA4-8B29-FBF183EA3926}
	EndGlobalSection
EndGlobal
